
Microsoft Visual Studio Solution File, Format Version 12.00
# Visual Studio Version 16
VisualStudioVersion = 16.0.31729.503
MinimumVisualStudioVersion = 10.0.40219.1
Project("{FAE04EC0-301F-11D3-BF4B-00C04F79EFBC}") = "CalculadoraApp", "CalculadoraApp\CalculadoraApp.csproj", "{CDE19FED-F491-4F7B-A26A-E323642BB6DF}"
EndProject
Project("{9A19103F-16F7-4668-BE54-9A1E7A4F7556}") = "Domain", "Domain\Domain.csproj", "{88A5E358-63C0-4330-AFA6-FDC15B40B924}"
EndProject
Project("{9A19103F-16F7-4668-BE54-9A1E7A4F7556}") = "Infraestructura", "Infraestructura\Infraestructura.csproj", "{FC6705D0-C62E-442F-AA22-9CCAF9B206E6}"
EndProject
Project("{FAE04EC0-301F-11D3-BF4B-00C04F79EFBC}") = "AppCore", "AppCore\AppCore.csproj", "{E88F7004-B70A-4B3B-B833-F22DCC7E86CE}"
EndProject
Global
	GlobalSection(SolutionConfigurationPlatforms) = preSolution
		Debug|Any CPU = Debug|Any CPU
		Release|Any CPU = Release|Any CPU
	EndGlobalSection
	GlobalSection(ProjectConfigurationPlatforms) = postSolution
		{CDE19FED-F491-4F7B-A26A-E323642BB6DF}.Debug|Any CPU.ActiveCfg = Debug|Any CPU
		{CDE19FED-F491-4F7B-A26A-E323642BB6DF}.Debug|Any CPU.Build.0 = Debug|Any CPU
		{CDE19FED-F491-4F7B-A26A-E323642BB6DF}.Release|Any CPU.ActiveCfg = Release|Any CPU
		{CDE19FED-F491-4F7B-A26A-E323642BB6DF}.Release|Any CPU.Build.0 = Release|Any CPU
		{88A5E358-63C0-4330-AFA6-FDC15B40B924}.Debug|Any CPU.ActiveCfg = Debug|Any CPU
		{88A5E358-63C0-4330-AFA6-FDC15B40B924}.Debug|Any CPU.Build.0 = Debug|Any CPU
		{88A5E358-63C0-4330-AFA6-FDC15B40B924}.Release|Any CPU.ActiveCfg = Release|Any CPU
		{88A5E358-63C0-4330-AFA6-FDC15B40B924}.Release|Any CPU.Build.0 = Release|Any CPU
		{FC6705D0-C62E-442F-AA22-9CCAF9B206E6}.Debug|Any CPU.ActiveCfg = Debug|Any CPU
		{FC6705D0-C62E-442F-AA22-9CCAF9B206E6}.Debug|Any CPU.Build.0 = Debug|Any CPU
		{FC6705D0-C62E-442F-AA22-9CCAF9B206E6}.Release|Any CPU.ActiveCfg = Release|Any CPU
		{FC6705D0-C62E-442F-AA22-9CCAF9B206E6}.Release|Any CPU.Build.0 = Release|Any CPU
		{E88F7004-B70A-4B3B-B833-F22DCC7E86CE}.Debug|Any CPU.ActiveCfg = Debug|Any CPU
		{E88F7004-B70A-4B3B-B833-F22DCC7E86CE}.Debug|Any CPU.Build.0 = Debug|Any CPU
		{E88F7004-B70A-4B3B-B833-F22DCC7E86CE}.Release|Any CPU.ActiveCfg = Release|Any CPU
		{E88F7004-B70A-4B3B-B833-F22DCC7E86CE}.Release|Any CPU.Build.0 = Release|Any CPU
	EndGlobalSection
	GlobalSection(SolutionProperties) = preSolution
		HideSolutionNode = FALSE
	EndGlobalSection
	GlobalSection(ExtensibilityGlobals) = postSolution
		SolutionGuid = {C2B73970-BC82-482E-9043-EA7B3EA81B20}
	EndGlobalSection
EndGlobal
